
Microsoft Visual Studio Solution File, Format Version 12.00
# Visual Studio Version 16
VisualStudioVersion = 16.0.31005.135
MinimumVisualStudioVersion = 10.0.40219.1
Project("{9A19103F-16F7-4668-BE54-9A1E7A4F7556}") = "Elinext", "Elinext\Elinext.csproj", "{D4025662-3609-410B-B918-F531B78E1227}"
EndProject
Project("{9A19103F-16F7-4668-BE54-9A1E7A4F7556}") = "BLL", "BLL\BLL.csproj", "{D5CF46B4-AE15-4577-BADC-283528EFC330}"
EndProject
Project("{9A19103F-16F7-4668-BE54-9A1E7A4F7556}") = "DAL", "DAL\DAL.csproj", "{0A6B8A43-A441-4289-9361-9DBA3017C6B7}"
EndProject
Project("{FAE04EC0-301F-11D3-BF4B-00C04F79EFBC}") = "MSTests", "MSTests\MSTests.csproj", "{9C846975-31FE-4C9B-B6D5-60005D778AD5}"
EndProject
Project("{9A19103F-16F7-4668-BE54-9A1E7A4F7556}") = "xUnitTests", "xUnitTests\xUnitTests.csproj", "{358C7BDB-2275-4D2A-A684-27ECF231F29A}"
EndProject
Global
	GlobalSection(SolutionConfigurationPlatforms) = preSolution
		Debug|Any CPU = Debug|Any CPU
		Release|Any CPU = Release|Any CPU
	EndGlobalSection
	GlobalSection(ProjectConfigurationPlatforms) = postSolution
		{D4025662-3609-410B-B918-F531B78E1227}.Debug|Any CPU.ActiveCfg = Debug|Any CPU
		{D4025662-3609-410B-B918-F531B78E1227}.Debug|Any CPU.Build.0 = Debug|Any CPU
		{D4025662-3609-410B-B918-F531B78E1227}.Release|Any CPU.ActiveCfg = Release|Any CPU
		{D4025662-3609-410B-B918-F531B78E1227}.Release|Any CPU.Build.0 = Release|Any CPU
		{D5CF46B4-AE15-4577-BADC-283528EFC330}.Debug|Any CPU.ActiveCfg = Debug|Any CPU
		{D5CF46B4-AE15-4577-BADC-283528EFC330}.Debug|Any CPU.Build.0 = Debug|Any CPU
		{D5CF46B4-AE15-4577-BADC-283528EFC330}.Release|Any CPU.ActiveCfg = Release|Any CPU
		{D5CF46B4-AE15-4577-BADC-283528EFC330}.Release|Any CPU.Build.0 = Release|Any CPU
		{0A6B8A43-A441-4289-9361-9DBA3017C6B7}.Debug|Any CPU.ActiveCfg = Debug|Any CPU
		{0A6B8A43-A441-4289-9361-9DBA3017C6B7}.Debug|Any CPU.Build.0 = Debug|Any CPU
		{0A6B8A43-A441-4289-9361-9DBA3017C6B7}.Release|Any CPU.ActiveCfg = Release|Any CPU
		{0A6B8A43-A441-4289-9361-9DBA3017C6B7}.Release|Any CPU.Build.0 = Release|Any CPU
		{9C846975-31FE-4C9B-B6D5-60005D778AD5}.Debug|Any CPU.ActiveCfg = Debug|Any CPU
		{9C846975-31FE-4C9B-B6D5-60005D778AD5}.Debug|Any CPU.Build.0 = Debug|Any CPU
		{9C846975-31FE-4C9B-B6D5-60005D778AD5}.Release|Any CPU.ActiveCfg = Release|Any CPU
		{9C846975-31FE-4C9B-B6D5-60005D778AD5}.Release|Any CPU.Build.0 = Release|Any CPU
		{358C7BDB-2275-4D2A-A684-27ECF231F29A}.Debug|Any CPU.ActiveCfg = Debug|Any CPU
		{358C7BDB-2275-4D2A-A684-27ECF231F29A}.Debug|Any CPU.Build.0 = Debug|Any CPU
		{358C7BDB-2275-4D2A-A684-27ECF231F29A}.Release|Any CPU.ActiveCfg = Release|Any CPU
		{358C7BDB-2275-4D2A-A684-27ECF231F29A}.Release|Any CPU.Build.0 = Release|Any CPU
	EndGlobalSection
	GlobalSection(SolutionProperties) = preSolution
		HideSolutionNode = FALSE
	EndGlobalSection
	GlobalSection(ExtensibilityGlobals) = postSolution
		SolutionGuid = {3331DE85-BA73-421C-8DF8-984AF3160425}
	EndGlobalSection
EndGlobal
